// !$*UTF8*$!
{
	archiveVersion = 1;
	classes = {
	};
	objectVersion = 46;
	objects = {

/* Begin PBXBuildFile section */
		846A9A171ECB1766001509D5 /* main.m in Sources */ = {isa = PBXBuildFile; fileRef = 846A9A161ECB1766001509D5 /* main.m */; };
		846A9A1A1ECB1766001509D5 /* AppDelegate.m in Sources */ = {isa = PBXBuildFile; fileRef = 846A9A191ECB1766001509D5 /* AppDelegate.m */; };
		846A9A1D1ECB1766001509D5 /* ViewController.m in Sources */ = {isa = PBXBuildFile; fileRef = 846A9A1C1ECB1766001509D5 /* ViewController.m */; };
		846A9A201ECB1766001509D5 /* Main.storyboard in Resources */ = {isa = PBXBuildFile; fileRef = 846A9A1E1ECB1766001509D5 /* Main.storyboard */; };
		846A9A221ECB1766001509D5 /* Assets.xcassets in Resources */ = {isa = PBXBuildFile; fileRef = 846A9A211ECB1766001509D5 /* Assets.xcassets */; };
		846A9A251ECB1766001509D5 /* LaunchScreen.storyboard in Resources */ = {isa = PBXBuildFile; fileRef = 846A9A231ECB1766001509D5 /* LaunchScreen.storyboard */; };
		846A9A2D1ECC4933001509D5 /* th-4.jpeg in Resources */ = {isa = PBXBuildFile; fileRef = 846A9A2C1ECC4933001509D5 /* th-4.jpeg */; };
		846A9A371ECC5842001509D5 /* succ2.jpg in Resources */ = {isa = PBXBuildFile; fileRef = 846A9A2E1ECC5842001509D5 /* succ2.jpg */; };
		846A9A381ECC5842001509D5 /* succ3.jpg in Resources */ = {isa = PBXBuildFile; fileRef = 846A9A2F1ECC5842001509D5 /* succ3.jpg */; };
		846A9A391ECC5842001509D5 /* succ5.jpg in Resources */ = {isa = PBXBuildFile; fileRef = 846A9A301ECC5842001509D5 /* succ5.jpg */; };
		846A9A3A1ECC5842001509D5 /* succ6.jpg in Resources */ = {isa = PBXBuildFile; fileRef = 846A9A311ECC5842001509D5 /* succ6.jpg */; };
		846A9A3B1ECC5842001509D5 /* succ8.jpg in Resources */ = {isa = PBXBuildFile; fileRef = 846A9A321ECC5842001509D5 /* succ8.jpg */; };
		846A9A3C1ECC5842001509D5 /* succ9.jpg in Resources */ = {isa = PBXBuildFile; fileRef = 846A9A331ECC5842001509D5 /* succ9.jpg */; };
		846A9A3D1ECC5842001509D5 /* succ12.jpg in Resources */ = {isa = PBXBuildFile; fileRef = 846A9A341ECC5842001509D5 /* succ12.jpg */; };
		846A9A3E1ECC5842001509D5 /* succ14.jpg in Resources */ = {isa = PBXBuildFile; fileRef = 846A9A351ECC5842001509D5 /* succ14.jpg */; };
		846A9A3F1ECC5842001509D5 /* succ15.jpg in Resources */ = {isa = PBXBuildFile; fileRef = 846A9A361ECC5842001509D5 /* succ15.jpg */; };
		846A9A421ECC5909001509D5 /* CollectionViewController.m in Sources */ = {isa = PBXBuildFile; fileRef = 846A9A411ECC5909001509D5 /* CollectionViewController.m */; };
		846A9A451ECC5928001509D5 /* CollectionCell.m in Sources */ = {isa = PBXBuildFile; fileRef = 846A9A441ECC5928001509D5 /* CollectionCell.m */; };
		846A9A481ECC719C001509D5 /* FirstViewController.m in Sources */ = {isa = PBXBuildFile; fileRef = 846A9A471ECC719C001509D5 /* FirstViewController.m */; };
/* End PBXBuildFile section */

/* Begin PBXFileReference section */
		846A9A121ECB1766001509D5 /* HW4.1.app */ = {isa = PBXFileReference; explicitFileType = wrapper.application; includeInIndex = 0; path = HW4.1.app; sourceTree = BUILT_PRODUCTS_DIR; };
		846A9A161ECB1766001509D5 /* main.m */ = {isa = PBXFileReference; lastKnownFileType = sourcecode.c.objc; path = main.m; sourceTree = "<group>"; };
		846A9A181ECB1766001509D5 /* AppDelegate.h */ = {isa = PBXFileReference; lastKnownFileType = sourcecode.c.h; path = AppDelegate.h; sourceTree = "<group>"; };
		846A9A191ECB1766001509D5 /* AppDelegate.m */ = {isa = PBXFileReference; lastKnownFileType = sourcecode.c.objc; path = AppDelegate.m; sourceTree = "<group>"; };
		846A9A1B1ECB1766001509D5 /* ViewController.h */ = {isa = PBXFileReference; lastKnownFileType = sourcecode.c.h; path = ViewController.h; sourceTree = "<group>"; };
		846A9A1C1ECB1766001509D5 /* ViewController.m */ = {isa = PBXFileReference; lastKnownFileType = sourcecode.c.objc; path = ViewController.m; sourceTree = "<group>"; };
		846A9A1F1ECB1766001509D5 /* Base */ = {isa = PBXFileReference; lastKnownFileType = file.storyboard; name = Base; path = Base.lproj/Main.storyboard; sourceTree = "<group>"; };
		846A9A211ECB1766001509D5 /* Assets.xcassets */ = {isa = PBXFileReference; lastKnownFileType = folder.assetcatalog; path = Assets.xcassets; sourceTree = "<group>"; };
		846A9A241ECB1766001509D5 /* Base */ = {isa = PBXFileReference; lastKnownFileType = file.storyboard; name = Base; path = Base.lproj/LaunchScreen.storyboard; sourceTree = "<group>"; };
		846A9A261ECB1766001509D5 /* Info.plist */ = {isa = PBXFileReference; lastKnownFileType = text.plist.xml; path = Info.plist; sourceTree = "<group>"; };
		846A9A2C1ECC4933001509D5 /* th-4.jpeg */ = {isa = PBXFileReference; lastKnownFileType = image.jpeg; path = "th-4.jpeg"; sourceTree = "<group>"; };
		846A9A2E1ECC5842001509D5 /* succ2.jpg */ = {isa = PBXFileReference; lastKnownFileType = image.jpeg; path = succ2.jpg; sourceTree = "<group>"; };
		846A9A2F1ECC5842001509D5 /* succ3.jpg */ = {isa = PBXFileReference; lastKnownFileType = image.jpeg; path = succ3.jpg; sourceTree = "<group>"; };
		846A9A301ECC5842001509D5 /* succ5.jpg */ = {isa = PBXFileReference; lastKnownFileType = image.jpeg; path = succ5.jpg; sourceTree = "<group>"; };
		846A9A311ECC5842001509D5 /* succ6.jpg */ = {isa = PBXFileReference; lastKnownFileType = image.jpeg; path = succ6.jpg; sourceTree = "<group>"; };
		846A9A321ECC5842001509D5 /* succ8.jpg */ = {isa = PBXFileReference; lastKnownFileType = image.jpeg; path = succ8.jpg; sourceTree = "<group>"; };
		846A9A331ECC5842001509D5 /* succ9.jpg */ = {isa = PBXFileReference; lastKnownFileType = image.jpeg; path = succ9.jpg; sourceTree = "<group>"; };
		846A9A341ECC5842001509D5 /* succ12.jpg */ = {isa = PBXFileReference; lastKnownFileType = image.jpeg; path = succ12.jpg; sourceTree = "<group>"; };
		846A9A351ECC5842001509D5 /* succ14.jpg */ = {isa = PBXFileReference; lastKnownFileType = image.jpeg; path = succ14.jpg; sourceTree = "<group>"; };
		846A9A361ECC5842001509D5 /* succ15.jpg */ = {isa = PBXFileReference; lastKnownFileType = image.jpeg; path = succ15.jpg; sourceTree = "<group>"; };
		846A9A401ECC5909001509D5 /* CollectionViewController.h */ = {isa = PBXFileReference; fileEncoding = 4; lastKnownFileType = sourcecode.c.h; path = CollectionViewController.h; sourceTree = "<group>"; };
		846A9A411ECC5909001509D5 /* CollectionViewController.m */ = {isa = PBXFileReference; fileEncoding = 4; lastKnownFileType = sourcecode.c.objc; path = CollectionViewController.m; sourceTree = "<group>"; };
		846A9A431ECC5928001509D5 /* CollectionCell.h */ = {isa = PBXFileReference; fileEncoding = 4; lastKnownFileType = sourcecode.c.h; path = CollectionCell.h; sourceTree = "<group>"; };
		846A9A441ECC5928001509D5 /* CollectionCell.m */ = {isa = PBXFileReference; fileEncoding = 4; lastKnownFileType = sourcecode.c.objc; path = CollectionCell.m; sourceTree = "<group>"; };
		846A9A461ECC719C001509D5 /* FirstViewController.h */ = {isa = PBXFileReference; fileEncoding = 4; lastKnownFileType = sourcecode.c.h; path = FirstViewController.h; sourceTree = "<group>"; };
		846A9A471ECC719C001509D5 /* FirstViewController.m */ = {isa = PBXFileReference; fileEncoding = 4; lastKnownFileType = sourcecode.c.objc; path = FirstViewController.m; sourceTree = "<group>"; };
/* End PBXFileReference section */

/* Begin PBXFrameworksBuildPhase section */
		846A9A0F1ECB1766001509D5 /* Frameworks */ = {
			isa = PBXFrameworksBuildPhase;
			buildActionMask = 2147483647;
			files = (
			);
			runOnlyForDeploymentPostprocessing = 0;
		};
/* End PBXFrameworksBuildPhase section */

/* Begin PBXGroup section */
		846A9A091ECB1766001509D5 = {
			isa = PBXGroup;
			children = (
				846A9A141ECB1766001509D5 /* HW4.1 */,
				846A9A131ECB1766001509D5 /* Products */,
			);
			sourceTree = "<group>";
		};
		846A9A131ECB1766001509D5 /* Products */ = {
			isa = PBXGroup;
			children = (
				846A9A121ECB1766001509D5 /* HW4.1.app */,
			);
			name = Products;
			sourceTree = "<group>";
		};
		846A9A141ECB1766001509D5 /* HW4.1 */ = {
			isa = PBXGroup;
			children = (
				846A9A181ECB1766001509D5 /* AppDelegate.h */,
				846A9A191ECB1766001509D5 /* AppDelegate.m */,
				846A9A1B1ECB1766001509D5 /* ViewController.h */,
				846A9A1C1ECB1766001509D5 /* ViewController.m */,
				846A9A1E1ECB1766001509D5 /* Main.storyboard */,
				846A9A461ECC719C001509D5 /* FirstViewController.h */,
				846A9A471ECC719C001509D5 /* FirstViewController.m */,
				846A9A431ECC5928001509D5 /* CollectionCell.h */,
				846A9A441ECC5928001509D5 /* CollectionCell.m */,
				846A9A401ECC5909001509D5 /* CollectionViewController.h */,
				846A9A411ECC5909001509D5 /* CollectionViewController.m */,
				846A9A211ECB1766001509D5 /* Assets.xcassets */,
				846A9A231ECB1766001509D5 /* LaunchScreen.storyboard */,
				846A9A261ECB1766001509D5 /* Info.plist */,
				846A9A151ECB1766001509D5 /* Supporting Files */,
			);
			path = HW4.1;
			sourceTree = "<group>";
		};
		846A9A151ECB1766001509D5 /* Supporting Files */ = {
			isa = PBXGroup;
			children = (
				846A9A2C1ECC4933001509D5 /* th-4.jpeg */,
				846A9A2E1ECC5842001509D5 /* succ2.jpg */,
				846A9A2F1ECC5842001509D5 /* succ3.jpg */,
				846A9A301ECC5842001509D5 /* succ5.jpg */,
				846A9A311ECC5842001509D5 /* succ6.jpg */,
				846A9A321ECC5842001509D5 /* succ8.jpg */,
				846A9A331ECC5842001509D5 /* succ9.jpg */,
				846A9A341ECC5842001509D5 /* succ12.jpg */,
				846A9A351ECC5842001509D5 /* succ14.jpg */,
				846A9A361ECC5842001509D5 /* succ15.jpg */,
				846A9A161ECB1766001509D5 /* main.m */,
			);
			name = "Supporting Files";
			sourceTree = "<group>";
		};
/* End PBXGroup section */

/* Begin PBXNativeTarget section */
		846A9A111ECB1766001509D5 /* HW4.1 */ = {
			isa = PBXNativeTarget;
			buildConfigurationList = 846A9A291ECB1766001509D5 /* Build configuration list for PBXNativeTarget "HW4.1" */;
			buildPhases = (
				846A9A0E1ECB1766001509D5 /* Sources */,
				846A9A0F1ECB1766001509D5 /* Frameworks */,
				846A9A101ECB1766001509D5 /* Resources */,
			);
			buildRules = (
			);
			dependencies = (
			);
			name = HW4.1;
			productName = HW4.1;
			productReference = 846A9A121ECB1766001509D5 /* HW4.1.app */;
			productType = "com.apple.product-type.application";
		};
/* End PBXNativeTarget section */

/* Begin PBXProject section */
		846A9A0A1ECB1766001509D5 /* Project object */ = {
			isa = PBXProject;
			attributes = {
				LastUpgradeCheck = 0820;
				ORGANIZATIONNAME = GB;
				TargetAttributes = {
					846A9A111ECB1766001509D5 = {
						CreatedOnToolsVersion = 8.2.1;
						ProvisioningStyle = Automatic;
					};
				};
			};
			buildConfigurationList = 846A9A0D1ECB1766001509D5 /* Build configuration list for PBXProject "HW4.1" */;
			compatibilityVersion = "Xcode 3.2";
			developmentRegion = English;
			hasScannedForEncodings = 0;
			knownRegions = (
				en,
				Base,
			);
			mainGroup = 846A9A091ECB1766001509D5;
			productRefGroup = 846A9A131ECB1766001509D5 /* Products */;
			projectDirPath = "";
			projectRoot = "";
			targets = (
				846A9A111ECB1766001509D5 /* HW4.1 */,
			);
		};
/* End PBXProject section */

/* Begin PBXResourcesBuildPhase section */
		846A9A101ECB1766001509D5 /* Resources */ = {
			isa = PBXResourcesBuildPhase;
			buildActionMask = 2147483647;
			files = (
				846A9A251ECB1766001509D5 /* LaunchScreen.storyboard in Resources */,
				846A9A3B1ECC5842001509D5 /* succ8.jpg in Resources */,
				846A9A381ECC5842001509D5 /* succ3.jpg in Resources */,
				846A9A221ECB1766001509D5 /* Assets.xcassets in Resources */,
				846A9A3E1ECC5842001509D5 /* succ14.jpg in Resources */,
				846A9A2D1ECC4933001509D5 /* th-4.jpeg in Resources */,
				846A9A3C1ECC5842001509D5 /* succ9.jpg in Resources */,
				846A9A3F1ECC5842001509D5 /* succ15.jpg in Resources */,
				846A9A3A1ECC5842001509D5 /* succ6.jpg in Resources */,
				846A9A3D1ECC5842001509D5 /* succ12.jpg in Resources */,
				846A9A201ECB1766001509D5 /* Main.storyboard in Resources */,
				846A9A391ECC5842001509D5 /* succ5.jpg in Resources */,
				846A9A371ECC5842001509D5 /* succ2.jpg in Resources */,
			);
			runOnlyForDeploymentPostprocessing = 0;
		};
/* End PBXResourcesBuildPhase section */

/* Begin PBXSourcesBuildPhase section */
		846A9A0E1ECB1766001509D5 /* Sources */ = {
			isa = PBXSourcesBuildPhase;
			buildActionMask = 2147483647;
			files = (
				846A9A421ECC5909001509D5 /* CollectionViewController.m in Sources */,
				846A9A481ECC719C001509D5 /* FirstViewController.m in Sources */,
				846A9A451ECC5928001509D5 /* CollectionCell.m in Sources */,
				846A9A1D1ECB1766001509D5 /* ViewController.m in Sources */,
				846A9A1A1ECB1766001509D5 /* AppDelegate.m in Sources */,
				846A9A171ECB1766001509D5 /* main.m in Sources */,
			);
			runOnlyForDeploymentPostprocessing = 0;
		};
/* End PBXSourcesBuildPhase section */

/* Begin PBXVariantGroup section */
		846A9A1E1ECB1766001509D5 /* Main.storyboard */ = {
			isa = PBXVariantGroup;
			children = (
				846A9A1F1ECB1766001509D5 /* Base */,
			);
			name = Main.storyboard;
			sourceTree = "<group>";
		};
		846A9A231ECB1766001509D5 /* LaunchScreen.storyboard */ = {
			isa = PBXVariantGroup;
			children = (
				846A9A241ECB1766001509D5 /* Base */,
			);
			name = LaunchScreen.storyboard;
			sourceTree = "<group>";
		};
/* End PBXVariantGroup section */

/* Begin XCBuildConfiguration section */
		846A9A271ECB1766001509D5 /* Debug */ = {
			isa = XCBuildConfiguration;
			buildSettings = {
				ALWAYS_SEARCH_USER_PATHS = NO;
				CLANG_ANALYZER_NONNULL = YES;
				CLANG_CXX_LANGUAGE_STANDARD = "gnu++0x";
				CLANG_CXX_LIBRARY = "libc++";
				CLANG_ENABLE_MODULES = YES;
				CLANG_ENABLE_OBJC_ARC = YES;
				CLANG_WARN_BOOL_CONVERSION = YES;
				CLANG_WARN_CONSTANT_CONVERSION = YES;
				CLANG_WARN_DIRECT_OBJC_ISA_USAGE = YES_ERROR;
				CLANG_WARN_DOCUMENTATION_COMMENTS = YES;
				CLANG_WARN_EMPTY_BODY = YES;
				CLANG_WARN_ENUM_CONVERSION = YES;
				CLANG_WARN_INFINITE_RECURSION = YES;
				CLANG_WARN_INT_CONVERSION = YES;
				CLANG_WARN_OBJC_ROOT_CLASS = YES_ERROR;
				CLANG_WARN_SUSPICIOUS_MOVE = YES;
				CLANG_WARN_UNREACHABLE_CODE = YES;
				CLANG_WARN__DUPLICATE_METHOD_MATCH = YES;
				"CODE_SIGN_IDENTITY[sdk=iphoneos*]" = "iPhone Developer";
				COPY_PHASE_STRIP = NO;
				DEBUG_INFORMATION_FORMAT = dwarf;
				ENABLE_STRICT_OBJC_MSGSEND = YES;
				ENABLE_TESTABILITY = YES;
				GCC_C_LANGUAGE_STANDARD = gnu99;
				GCC_DYNAMIC_NO_PIC = NO;
				GCC_NO_COMMON_BLOCKS = YES;
				GCC_OPTIMIZATION_LEVEL = 0;
				GCC_PREPROCESSOR_DEFINITIONS = (
					"DEBUG=1",
					"$(inherited)",
				);
				GCC_WARN_64_TO_32_BIT_CONVERSION = YES;
				GCC_WARN_ABOUT_RETURN_TYPE = YES_ERROR;
				GCC_WARN_UNDECLARED_SELECTOR = YES;
				GCC_WARN_UNINITIALIZED_AUTOS = YES_AGGRESSIVE;
				GCC_WARN_UNUSED_FUNCTION = YES;
				GCC_WARN_UNUSED_VARIABLE = YES;
				IPHONEOS_DEPLOYMENT_TARGET = 10.2;
				MTL_ENABLE_DEBUG_INFO = YES;
				ONLY_ACTIVE_ARCH = YES;
				SDKROOT = iphoneos;
			};
			name = Debug;
		};
		846A9A281ECB1766001509D5 /* Release */ = {
			isa = XCBuildConfiguration;
			buildSettings = {
				ALWAYS_SEARCH_USER_PATHS = NO;
				CLANG_ANALYZER_NONNULL = YES;
				CLANG_CXX_LANGUAGE_STANDARD = "gnu++0x";
				CLANG_CXX_LIBRARY = "libc++";
				CLANG_ENABLE_MODULES = YES;
				CLANG_ENABLE_OBJC_ARC = YES;
				CLANG_WARN_BOOL_CONVERSION = YES;
				CLANG_WARN_CONSTANT_CONVERSION = YES;
				CLANG_WARN_DIRECT_OBJC_ISA_USAGE = YES_ERROR;
				CLANG_WARN_DOCUMENTATION_COMMENTS = YES;
				CLANG_WARN_EMPTY_BODY = YES;
				CLANG_WARN_ENUM_CONVERSION = YES;
				CLANG_WARN_INFINITE_RECURSION = YES;
				CLANG_WARN_INT_CONVERSION = YES;
				CLANG_WARN_OBJC_ROOT_CLASS = YES_ERROR;
				CLANG_WARN_SUSPICIOUS_MOVE = YES;
				CLANG_WARN_UNREACHABLE_CODE = YES;
				CLANG_WARN__DUPLICATE_METHOD_MATCH = YES;
				"CODE_SIGN_IDENTITY[sdk=iphoneos*]" = "iPhone Developer";
				COPY_PHASE_STRIP = NO;
				DEBUG_INFORMATION_FORMAT = "dwarf-with-dsym";
				ENABLE_NS_ASSERTIONS = NO;
				ENABLE_STRICT_OBJC_MSGSEND = YES;
				GCC_C_LANGUAGE_STANDARD = gnu99;
				GCC_NO_COMMON_BLOCKS = YES;
				GCC_WARN_64_TO_32_BIT_CONVERSION = YES;
				GCC_WARN_ABOUT_RETURN_TYPE = YES_ERROR;
				GCC_WARN_UNDECLARED_SELECTOR = YES;
				GCC_WARN_UNINITIALIZED_AUTOS = YES_AGGRESSIVE;
				GCC_WARN_UNUSED_FUNCTION = YES;
				GCC_WARN_UNUSED_VARIABLE = YES;
				IPHONEOS_DEPLOYMENT_TARGET = 10.2;
				MTL_ENABLE_DEBUG_INFO = NO;
				SDKROOT = iphoneos;
				VALIDATE_PRODUCT = YES;
			};
			name = Release;
		};
		846A9A2A1ECB1766001509D5 /* Debug */ = {
			isa = XCBuildConfiguration;
			buildSettings = {
				ASSETCATALOG_COMPILER_APPICON_NAME = AppIcon;
				INFOPLIST_FILE = HW4.1/Info.plist;
				LD_RUNPATH_SEARCH_PATHS = "$(inherited) @executable_path/Frameworks";
				PRODUCT_BUNDLE_IDENTIFIER = "GB.HW4-1";
				PRODUCT_NAME = "$(TARGET_NAME)";
			};
			name = Debug;
		};
		846A9A2B1ECB1766001509D5 /* Release */ = {
			isa = XCBuildConfiguration;
			buildSettings = {
				ASSETCATALOG_COMPILER_APPICON_NAME = AppIcon;
				INFOPLIST_FILE = HW4.1/Info.plist;
				LD_RUNPATH_SEARCH_PATHS = "$(inherited) @executable_path/Frameworks";
				PRODUCT_BUNDLE_IDENTIFIER = "GB.HW4-1";
				PRODUCT_NAME = "$(TARGET_NAME)";
			};
			name = Release;
		};
/* End XCBuildConfiguration section */

/* Begin XCConfigurationList section */
		846A9A0D1ECB1766001509D5 /* Build configuration list for PBXProject "HW4.1" */ = {
			isa = XCConfigurationList;
			buildConfigurations = (
				846A9A271ECB1766001509D5 /* Debug */,
				846A9A281ECB1766001509D5 /* Release */,
			);
			defaultConfigurationIsVisible = 0;
			defaultConfigurationName = Release;
		};
		846A9A291ECB1766001509D5 /* Build configuration list for PBXNativeTarget "HW4.1" */ = {
			isa = XCConfigurationList;
			buildConfigurations = (
				846A9A2A1ECB1766001509D5 /* Debug */,
				846A9A2B1ECB1766001509D5 /* Release */,
			);
			defaultConfigurationIsVisible = 0;
		};
/* End XCConfigurationList section */
	};
	rootObject = 846A9A0A1ECB1766001509D5 /* Project object */;
}
